Microsoft Visual Studio Solution File, Format Version 12.00
# Visual Studio Version 17
VisualStudioVersion = 17.5.2.0
MinimumVisualStudioVersion = 10.0.40219.1
Project("{FAE04EC0-301F-11D3-BF4B-00C04F79EFBC}") = "FinancialApi", "FinancialApi.csproj", "{9FF1E3C3-70B4-1C46-FD9F-7B5252C00A37}"
EndProject
Global
	GlobalSection(SolutionConfigurationPlatforms) = preSolution
		Debug|Any CPU = Debug|Any CPU
		Release|Any CPU = Release|Any CPU
	EndGlobalSection
	GlobalSection(ProjectConfigurationPlatforms) = postSolution
		{9FF1E3C3-70B4-1C46-FD9F-7B5252C00A37}.Debug|Any CPU.ActiveCfg = Debug|Any CPU
		{9FF1E3C3-70B4-1C46-FD9F-7B5252C00A37}.Debug|Any CPU.Build.0 = Debug|Any CPU
		{9FF1E3C3-70B4-1C46-FD9F-7B5252C00A37}.Release|Any CPU.ActiveCfg = Release|Any CPU
		{9FF1E3C3-70B4-1C46-FD9F-7B5252C00A37}.Release|Any CPU.Build.0 = Release|Any CPU
	EndGlobalSection
	GlobalSection(SolutionProperties) = preSolution
		HideSolutionNode = FALSE
	EndGlobalSection
	GlobalSection(ExtensibilityGlobals) = postSolution
		SolutionGuid = {F848158D-F338-44B6-9E9F-22257AAFE760}
	EndGlobalSection
EndGlobal
